// !$*UTF8*$!
{
	archiveVersion = 1;
	classes = {
	};
	objectVersion = 46;
	objects = {

/* Begin PBXBuildFile section */
		A56CED991DDB7ED50052553F /* AppDelegate.swift in Sources */ = {isa = PBXBuildFile; fileRef = A56CED981DDB7ED50052553F /* AppDelegate.swift */; };
		A56CED9B1DDB7ED50052553F /* ViewController.swift in Sources */ = {isa = PBXBuildFile; fileRef = A56CED9A1DDB7ED50052553F /* ViewController.swift */; };
		A56CED9E1DDB7ED50052553F /* Main.storyboard in Resources */ = {isa = PBXBuildFile; fileRef = A56CED9C1DDB7ED50052553F /* Main.storyboard */; };
		A56CEDA11DDB7ED50052553F /* SupWeather_HugoLambrinidis_Swift3.xcdatamodeld in Sources */ = {isa = PBXBuildFile; fileRef = A56CED9F1DDB7ED50052553F /* SupWeather_HugoLambrinidis_Swift3.xcdatamodeld */; };
		A56CEDA31DDB7ED50052553F /* Assets.xcassets in Resources */ = {isa = PBXBuildFile; fileRef = A56CEDA21DDB7ED50052553F /* Assets.xcassets */; };
		A56CEDA61DDB7ED50052553F /* LaunchScreen.storyboard in Resources */ = {isa = PBXBuildFile; fileRef = A56CEDA41DDB7ED50052553F /* LaunchScreen.storyboard */; };
		A56CEDB11DDB7ED50052553F /* SupWeather_HugoLambrinidis_Swift3Tests.swift in Sources */ = {isa = PBXBuildFile; fileRef = A56CEDB01DDB7ED50052553F /* SupWeather_HugoLambrinidis_Swift3Tests.swift */; };
		A56CEDBC1DDB7ED50052553F /* SupWeather_HugoLambrinidis_Swift3UITests.swift in Sources */ = {isa = PBXBuildFile; fileRef = A56CEDBB1DDB7ED50052553F /* SupWeather_HugoLambrinidis_Swift3UITests.swift */; };
		A56CEDCD1DDB86FA0052553F /* WeatherDataManager.swift in Sources */ = {isa = PBXBuildFile; fileRef = A56CEDCC1DDB86FA0052553F /* WeatherDataManager.swift */; };
		A56CEDCE1DDB86FA0052553F /* WeatherDataManager.swift in Sources */ = {isa = PBXBuildFile; fileRef = A56CEDCC1DDB86FA0052553F /* WeatherDataManager.swift */; };
		A56CEDCF1DDB86FA0052553F /* WeatherDataManager.swift in Sources */ = {isa = PBXBuildFile; fileRef = A56CEDCC1DDB86FA0052553F /* WeatherDataManager.swift */; };
		A56CEDD21DDB882F0052553F /* Configuration.swift in Sources */ = {isa = PBXBuildFile; fileRef = A56CEDD11DDB882F0052553F /* Configuration.swift */; };
		A56CEDD31DDB882F0052553F /* Configuration.swift in Sources */ = {isa = PBXBuildFile; fileRef = A56CEDD11DDB882F0052553F /* Configuration.swift */; };
		A56CEDD41DDB882F0052553F /* Configuration.swift in Sources */ = {isa = PBXBuildFile; fileRef = A56CEDD11DDB882F0052553F /* Configuration.swift */; };
		A56CEDD51DDB92470052553F /* ViewController.swift in Sources */ = {isa = PBXBuildFile; fileRef = A56CED9A1DDB7ED50052553F /* ViewController.swift */; };
		A56CEDD61DDB92480052553F /* ViewController.swift in Sources */ = {isa = PBXBuildFile; fileRef = A56CED9A1DDB7ED50052553F /* ViewController.swift */; };
		A56CEDDC1DDBA9E60052553F /* StoreManager.swift in Sources */ = {isa = PBXBuildFile; fileRef = A56CEDDB1DDBA9E60052553F /* StoreManager.swift */; };
		A56CEDDD1DDBA9E60052553F /* StoreManager.swift in Sources */ = {isa = PBXBuildFile; fileRef = A56CEDDB1DDBA9E60052553F /* StoreManager.swift */; };
		A56CEDDE1DDBA9E60052553F /* StoreManager.swift in Sources */ = {isa = PBXBuildFile; fileRef = A56CEDDB1DDBA9E60052553F /* StoreManager.swift */; };
		A56CEDE01DDBAA030052553F /* Weather.swift in Sources */ = {isa = PBXBuildFile; fileRef = A56CEDDF1DDBAA030052553F /* Weather.swift */; };
		A56CEDE11DDBAA030052553F /* Weather.swift in Sources */ = {isa = PBXBuildFile; fileRef = A56CEDDF1DDBAA030052553F /* Weather.swift */; };
		A56CEDE21DDBAA030052553F /* Weather.swift in Sources */ = {isa = PBXBuildFile; fileRef = A56CEDDF1DDBAA030052553F /* Weather.swift */; };
		A56CEDE41DDC62E30052553F /* WeatherEntity.swift in Sources */ = {isa = PBXBuildFile; fileRef = A56CEDE31DDC62E30052553F /* WeatherEntity.swift */; };
		A56CEDE51DDC62E30052553F /* WeatherEntity.swift in Sources */ = {isa = PBXBuildFile; fileRef = A56CEDE31DDC62E30052553F /* WeatherEntity.swift */; };
		A56CEDE61DDC62E30052553F /* WeatherEntity.swift in Sources */ = {isa = PBXBuildFile; fileRef = A56CEDE31DDC62E30052553F /* WeatherEntity.swift */; };
		A56CEDE81DDC63C60052553F /* DateHandler.swift in Sources */ = {isa = PBXBuildFile; fileRef = A56CEDE71DDC63C60052553F /* DateHandler.swift */; };
		A56CEDE91DDC63C60052553F /* DateHandler.swift in Sources */ = {isa = PBXBuildFile; fileRef = A56CEDE71DDC63C60052553F /* DateHandler.swift */; };
		A56CEDEA1DDC63C60052553F /* DateHandler.swift in Sources */ = {isa = PBXBuildFile; fileRef = A56CEDE71DDC63C60052553F /* DateHandler.swift */; };
		A57850441DE3716C0042A1E9 /* WeatherDetailTableViewController.swift in Sources */ = {isa = PBXBuildFile; fileRef = A57850431DE3716C0042A1E9 /* WeatherDetailTableViewController.swift */; };
		A57850451DE3716C0042A1E9 /* WeatherDetailTableViewController.swift in Sources */ = {isa = PBXBuildFile; fileRef = A57850431DE3716C0042A1E9 /* WeatherDetailTableViewController.swift */; };
		A57850461DE3716C0042A1E9 /* WeatherDetailTableViewController.swift in Sources */ = {isa = PBXBuildFile; fileRef = A57850431DE3716C0042A1E9 /* WeatherDetailTableViewController.swift */; };
		A57850481DE371920042A1E9 /* WeatherDetailTableViewCell.swift in Sources */ = {isa = PBXBuildFile; fileRef = A57850471DE371920042A1E9 /* WeatherDetailTableViewCell.swift */; };
		A57850491DE371920042A1E9 /* WeatherDetailTableViewCell.swift in Sources */ = {isa = PBXBuildFile; fileRef = A57850471DE371920042A1E9 /* WeatherDetailTableViewCell.swift */; };
		A578504A1DE371920042A1E9 /* WeatherDetailTableViewCell.swift in Sources */ = {isa = PBXBuildFile; fileRef = A57850471DE371920042A1E9 /* WeatherDetailTableViewCell.swift */; };
		A5844C0B1DE355EE0090C0F7 /* WeatherImageGetter.swift in Sources */ = {isa = PBXBuildFile; fileRef = A5844C0A1DE355EE0090C0F7 /* WeatherImageGetter.swift */; };
		A5844C0C1DE355EE0090C0F7 /* WeatherImageGetter.swift in Sources */ = {isa = PBXBuildFile; fileRef = A5844C0A1DE355EE0090C0F7 /* WeatherImageGetter.swift */; };
		A5844C0D1DE355EE0090C0F7 /* WeatherImageGetter.swift in Sources */ = {isa = PBXBuildFile; fileRef = A5844C0A1DE355EE0090C0F7 /* WeatherImageGetter.swift */; };
		A58AB35F1DDE266400E7A5AE /* WeatherTableViewController.swift in Sources */ = {isa = PBXBuildFile; fileRef = A58AB35E1DDE266400E7A5AE /* WeatherTableViewController.swift */; };
		A58AB3601DDE266400E7A5AE /* WeatherTableViewController.swift in Sources */ = {isa = PBXBuildFile; fileRef = A58AB35E1DDE266400E7A5AE /* WeatherTableViewController.swift */; };
		A58AB3611DDE266400E7A5AE /* WeatherTableViewController.swift in Sources */ = {isa = PBXBuildFile; fileRef = A58AB35E1DDE266400E7A5AE /* WeatherTableViewController.swift */; };
		A58AB3631DDE276700E7A5AE /* WeatherTableViewCell.swift in Sources */ = {isa = PBXBuildFile; fileRef = A58AB3621DDE276700E7A5AE /* WeatherTableViewCell.swift */; };
		A58AB3641DDE276700E7A5AE /* WeatherTableViewCell.swift in Sources */ = {isa = PBXBuildFile; fileRef = A58AB3621DDE276700E7A5AE /* WeatherTableViewCell.swift */; };
		A58AB3651DDE276700E7A5AE /* WeatherTableViewCell.swift in Sources */ = {isa = PBXBuildFile; fileRef = A58AB3621DDE276700E7A5AE /* WeatherTableViewCell.swift */; };
		A58AB3661DDE3B8B00E7A5AE /* Main.storyboard in Resources */ = {isa = PBXBuildFile; fileRef = A56CED9C1DDB7ED50052553F /* Main.storyboard */; };
		A58AB3671DDE3B8B00E7A5AE /* Main.storyboard in Resources */ = {isa = PBXBuildFile; fileRef = A56CED9C1DDB7ED50052553F /* Main.storyboard */; };
		A58AB36A1DE0B34800E7A5AE /* WeatherEntityCollection.swift in Sources */ = {isa = PBXBuildFile; fileRef = A58AB3691DE0B34800E7A5AE /* WeatherEntityCollection.swift */; };
		A58AB36B1DE0B34800E7A5AE /* WeatherEntityCollection.swift in Sources */ = {isa = PBXBuildFile; fileRef = A58AB3691DE0B34800E7A5AE /* WeatherEntityCollection.swift */; };
		A58AB36C1DE0B34800E7A5AE /* WeatherEntityCollection.swift in Sources */ = {isa = PBXBuildFile; fileRef = A58AB3691DE0B34800E7A5AE /* WeatherEntityCollection.swift */; };
/* End PBXBuildFile section */

/* Begin PBXContainerItemProxy section */
		A56CEDAD1DDB7ED50052553F /* PBXContainerItemProxy */ = {
			isa = PBXContainerItemProxy;
			containerPortal = A56CED8D1DDB7ED50052553F /* Project object */;
			proxyType = 1;
			remoteGlobalIDString = A56CED941DDB7ED50052553F;
			remoteInfo = SupWeather_HugoLambrinidis_Swift3;
		};
		A56CEDB81DDB7ED50052553F /* PBXContainerItemProxy */ = {
			isa = PBXContainerItemProxy;
			containerPortal = A56CED8D1DDB7ED50052553F /* Project object */;
			proxyType = 1;
			remoteGlobalIDString = A56CED941DDB7ED50052553F;
			remoteInfo = SupWeather_HugoLambrinidis_Swift3;
		};
/* End PBXContainerItemProxy section */

/* Begin PBXFileReference section */
		A56CED951DDB7ED50052553F /* SupWeather_HugoLambrinidis_Swift3.app */ = {isa = PBXFileReference; explicitFileType = wrapper.application; includeInIndex = 0; path = SupWeather_HugoLambrinidis_Swift3.app; sourceTree = BUILT_PRODUCTS_DIR; };
		A56CED981DDB7ED50052553F /* AppDelegate.swift */ = {isa = PBXFileReference; lastKnownFileType = sourcecode.swift; path = AppDelegate.swift; sourceTree = "<group>"; };
		A56CED9A1DDB7ED50052553F /* ViewController.swift */ = {isa = PBXFileReference; lastKnownFileType = sourcecode.swift; path = ViewController.swift; sourceTree = "<group>"; };
		A56CED9D1DDB7ED50052553F /* Base */ = {isa = PBXFileReference; lastKnownFileType = file.storyboard; name = Base; path = Base.lproj/Main.storyboard; sourceTree = "<group>"; };
		A56CEDA01DDB7ED50052553F /* SupWeather_HugoLambrinidis_Swift3.xcdatamodel */ = {isa = PBXFileReference; lastKnownFileType = wrapper.xcdatamodel; path = SupWeather_HugoLambrinidis_Swift3.xcdatamodel; sourceTree = "<group>"; };
		A56CEDA21DDB7ED50052553F /* Assets.xcassets */ = {isa = PBXFileReference; lastKnownFileType = folder.assetcatalog; path = Assets.xcassets; sourceTree = "<group>"; };
		A56CEDA51DDB7ED50052553F /* Base */ = {isa = PBXFileReference; lastKnownFileType = file.storyboard; name = Base; path = Base.lproj/LaunchScreen.storyboard; sourceTree = "<group>"; };
		A56CEDA71DDB7ED50052553F /* Info.plist */ = {isa = PBXFileReference; lastKnownFileType = text.plist.xml; path = Info.plist; sourceTree = "<group>"; };
		A56CEDAC1DDB7ED50052553F /* SupWeather_HugoLambrinidis_Swift3Tests.xctest */ = {isa = PBXFileReference; explicitFileType = wrapper.cfbundle; includeInIndex = 0; path = SupWeather_HugoLambrinidis_Swift3Tests.xctest; sourceTree = BUILT_PRODUCTS_DIR; };
		A56CEDB01DDB7ED50052553F /* SupWeather_HugoLambrinidis_Swift3Tests.swift */ = {isa = PBXFileReference; lastKnownFileType = sourcecode.swift; path = SupWeather_HugoLambrinidis_Swift3Tests.swift; sourceTree = "<group>"; };
		A56CEDB21DDB7ED50052553F /* Info.plist */ = {isa = PBXFileReference; lastKnownFileType = text.plist.xml; path = Info.plist; sourceTree = "<group>"; };
		A56CEDB71DDB7ED50052553F /* SupWeather_HugoLambrinidis_Swift3UITests.xctest */ = {isa = PBXFileReference; explicitFileType = wrapper.cfbundle; includeInIndex = 0; path = SupWeather_HugoLambrinidis_Swift3UITests.xctest; sourceTree = BUILT_PRODUCTS_DIR; };
		A56CEDBB1DDB7ED50052553F /* SupWeather_HugoLambrinidis_Swift3UITests.swift */ = {isa = PBXFileReference; lastKnownFileType = sourcecode.swift; path = SupWeather_HugoLambrinidis_Swift3UITests.swift; sourceTree = "<group>"; };
		A56CEDBD1DDB7ED50052553F /* Info.plist */ = {isa = PBXFileReference; lastKnownFileType = text.plist.xml; path = Info.plist; sourceTree = "<group>"; };
		A56CEDCC1DDB86FA0052553F /* WeatherDataManager.swift */ = {isa = PBXFileReference; fileEncoding = 4; lastKnownFileType = sourcecode.swift; path = WeatherDataManager.swift; sourceTree = "<group>"; };
		A56CEDD11DDB882F0052553F /* Configuration.swift */ = {isa = PBXFileReference; fileEncoding = 4; lastKnownFileType = sourcecode.swift; path = Configuration.swift; sourceTree = "<group>"; };
		A56CEDDB1DDBA9E60052553F /* StoreManager.swift */ = {isa = PBXFileReference; fileEncoding = 4; lastKnownFileType = sourcecode.swift; path = StoreManager.swift; sourceTree = "<group>"; };
		A56CEDDF1DDBAA030052553F /* Weather.swift */ = {isa = PBXFileReference; fileEncoding = 4; lastKnownFileType = sourcecode.swift; name = Weather.swift; path = SupWeather_HugoLambrinidis_Swift3/Weather.swift; sourceTree = SOURCE_ROOT; };
		A56CEDE31DDC62E30052553F /* WeatherEntity.swift */ = {isa = PBXFileReference; fileEncoding = 4; lastKnownFileType = sourcecode.swift; path = WeatherEntity.swift; sourceTree = "<group>"; };
		A56CEDE71DDC63C60052553F /* DateHandler.swift */ = {isa = PBXFileReference; fileEncoding = 4; lastKnownFileType = sourcecode.swift; path = DateHandler.swift; sourceTree = "<group>"; };
		A57850431DE3716C0042A1E9 /* WeatherDetailTableViewController.swift */ = {isa = PBXFileReference; fileEncoding = 4; lastKnownFileType = sourcecode.swift; path = WeatherDetailTableViewController.swift; sourceTree = "<group>"; };
		A57850471DE371920042A1E9 /* WeatherDetailTableViewCell.swift */ = {isa = PBXFileReference; fileEncoding = 4; lastKnownFileType = sourcecode.swift; path = WeatherDetailTableViewCell.swift; sourceTree = "<group>"; };
		A5844C0A1DE355EE0090C0F7 /* WeatherImageGetter.swift */ = {isa = PBXFileReference; fileEncoding = 4; lastKnownFileType = sourcecode.swift; path = WeatherImageGetter.swift; sourceTree = "<group>"; };
		A58AB35E1DDE266400E7A5AE /* WeatherTableViewController.swift */ = {isa = PBXFileReference; fileEncoding = 4; lastKnownFileType = sourcecode.swift; path = WeatherTableViewController.swift; sourceTree = "<group>"; };
		A58AB3621DDE276700E7A5AE /* WeatherTableViewCell.swift */ = {isa = PBXFileReference; fileEncoding = 4; lastKnownFileType = sourcecode.swift; path = WeatherTableViewCell.swift; sourceTree = "<group>"; };
		A58AB3691DE0B34800E7A5AE /* WeatherEntityCollection.swift */ = {isa = PBXFileReference; fileEncoding = 4; lastKnownFileType = sourcecode.swift; path = WeatherEntityCollection.swift; sourceTree = "<group>"; };
/* End PBXFileReference section */

/* Begin PBXFrameworksBuildPhase section */
		A56CED921DDB7ED50052553F /* Frameworks */ = {
			isa = PBXFrameworksBuildPhase;
			buildActionMask = 2147483647;
			files = (
			);
			runOnlyForDeploymentPostprocessing = 0;
		};
		A56CEDA91DDB7ED50052553F /* Frameworks */ = {
			isa = PBXFrameworksBuildPhase;
			buildActionMask = 2147483647;
			files = (
			);
			runOnlyForDeploymentPostprocessing = 0;
		};
		A56CEDB41DDB7ED50052553F /* Frameworks */ = {
			isa = PBXFrameworksBuildPhase;
			buildActionMask = 2147483647;
			files = (
			);
			runOnlyForDeploymentPostprocessing = 0;
		};
/* End PBXFrameworksBuildPhase section */

/* Begin PBXGroup section */
		A56CED8C1DDB7ED50052553F = {
			isa = PBXGroup;
			children = (
				A56CED971DDB7ED50052553F /* SupWeather_HugoLambrinidis_Swift3 */,
				A56CEDAF1DDB7ED50052553F /* SupWeather_HugoLambrinidis_Swift3Tests */,
				A56CEDBA1DDB7ED50052553F /* SupWeather_HugoLambrinidis_Swift3UITests */,
				A56CED961DDB7ED50052553F /* Products */,
			);
			sourceTree = "<group>";
		};
		A56CED961DDB7ED50052553F /* Products */ = {
			isa = PBXGroup;
			children = (
				A56CED951DDB7ED50052553F /* SupWeather_HugoLambrinidis_Swift3.app */,
				A56CEDAC1DDB7ED50052553F /* SupWeather_HugoLambrinidis_Swift3Tests.xctest */,
				A56CEDB71DDB7ED50052553F /* SupWeather_HugoLambrinidis_Swift3UITests.xctest */,
			);
			name = Products;
			sourceTree = "<group>";
		};
		A56CED971DDB7ED50052553F /* SupWeather_HugoLambrinidis_Swift3 */ = {
			isa = PBXGroup;
			children = (
				A56CEDD01DDB88140052553F /* Src */,
				A56CEDCB1DDB7F030052553F /* View */,
				A56CEDCA1DDB7EEB0052553F /* Model */,
				A56CEDC91DDB7EDF0052553F /* Controller */,
				A56CED981DDB7ED50052553F /* AppDelegate.swift */,
				A56CED9C1DDB7ED50052553F /* Main.storyboard */,
				A56CEDA21DDB7ED50052553F /* Assets.xcassets */,
				A56CEDA41DDB7ED50052553F /* LaunchScreen.storyboard */,
				A56CEDA71DDB7ED50052553F /* Info.plist */,
				A56CED9F1DDB7ED50052553F /* SupWeather_HugoLambrinidis_Swift3.xcdatamodeld */,
			);
			path = SupWeather_HugoLambrinidis_Swift3;
			sourceTree = "<group>";
		};
		A56CEDAF1DDB7ED50052553F /* SupWeather_HugoLambrinidis_Swift3Tests */ = {
			isa = PBXGroup;
			children = (
				A56CEDB01DDB7ED50052553F /* SupWeather_HugoLambrinidis_Swift3Tests.swift */,
				A56CEDB21DDB7ED50052553F /* Info.plist */,
			);
			path = SupWeather_HugoLambrinidis_Swift3Tests;
			sourceTree = "<group>";
		};
		A56CEDBA1DDB7ED50052553F /* SupWeather_HugoLambrinidis_Swift3UITests */ = {
			isa = PBXGroup;
			children = (
				A56CEDBB1DDB7ED50052553F /* SupWeather_HugoLambrinidis_Swift3UITests.swift */,
				A56CEDBD1DDB7ED50052553F /* Info.plist */,
			);
			path = SupWeather_HugoLambrinidis_Swift3UITests;
			sourceTree = "<group>";
		};
		A56CEDC91DDB7EDF0052553F /* Controller */ = {
			isa = PBXGroup;
			children = (
				A58AB3681DDE904B00E7A5AE /* Helpers */,
				A56CEDCC1DDB86FA0052553F /* WeatherDataManager.swift */,
				A56CEDDB1DDBA9E60052553F /* StoreManager.swift */,
				A5844C0A1DE355EE0090C0F7 /* WeatherImageGetter.swift */,
			);
			name = Controller;
			sourceTree = "<group>";
		};
		A56CEDCA1DDB7EEB0052553F /* Model */ = {
			isa = PBXGroup;
			children = (
				A56CEDDF1DDBAA030052553F /* Weather.swift */,
				A56CEDE31DDC62E30052553F /* WeatherEntity.swift */,
				A58AB3691DE0B34800E7A5AE /* WeatherEntityCollection.swift */,
			);
			name = Model;
			sourceTree = "<group>";
		};
		A56CEDCB1DDB7F030052553F /* View */ = {
			isa = PBXGroup;
			children = (
				A57850471DE371920042A1E9 /* WeatherDetailTableViewCell.swift */,
				A58AB3621DDE276700E7A5AE /* WeatherTableViewCell.swift */,
				A56CED9A1DDB7ED50052553F /* ViewController.swift */,
				A58AB35E1DDE266400E7A5AE /* WeatherTableViewController.swift */,
				A57850431DE3716C0042A1E9 /* WeatherDetailTableViewController.swift */,
			);
			name = View;
			sourceTree = "<group>";
		};
		A56CEDD01DDB88140052553F /* Src */ = {
			isa = PBXGroup;
			children = (
				A56CEDD11DDB882F0052553F /* Configuration.swift */,
			);
			name = Src;
			sourceTree = "<group>";
		};
		A58AB3681DDE904B00E7A5AE /* Helpers */ = {
			isa = PBXGroup;
			children = (
				A56CEDE71DDC63C60052553F /* DateHandler.swift */,
			);
			name = Helpers;
			sourceTree = "<group>";
		};
/* End PBXGroup section */

/* Begin PBXNativeTarget section */
		A56CED941DDB7ED50052553F /* SupWeather_HugoLambrinidis_Swift3 */ = {
			isa = PBXNativeTarget;
			buildConfigurationList = A56CEDC01DDB7ED50052553F /* Build configuration list for PBXNativeTarget "SupWeather_HugoLambrinidis_Swift3" */;
			buildPhases = (
				A56CED911DDB7ED50052553F /* Sources */,
				A56CED921DDB7ED50052553F /* Frameworks */,
				A56CED931DDB7ED50052553F /* Resources */,
			);
			buildRules = (
			);
			dependencies = (
			);
			name = SupWeather_HugoLambrinidis_Swift3;
			productName = SupWeather_HugoLambrinidis_Swift3;
			productReference = A56CED951DDB7ED50052553F /* SupWeather_HugoLambrinidis_Swift3.app */;
			productType = "com.apple.product-type.application";
		};
		A56CEDAB1DDB7ED50052553F /* SupWeather_HugoLambrinidis_Swift3Tests */ = {
			isa = PBXNativeTarget;
			buildConfigurationList = A56CEDC31DDB7ED50052553F /* Build configuration list for PBXNativeTarget "SupWeather_HugoLambrinidis_Swift3Tests" */;
			buildPhases = (
				A56CEDA81DDB7ED50052553F /* Sources */,
				A56CEDA91DDB7ED50052553F /* Frameworks */,
				A56CEDAA1DDB7ED50052553F /* Resources */,
			);
			buildRules = (
			);
			dependencies = (
				A56CEDAE1DDB7ED50052553F /* PBXTargetDependency */,
			);
			name = SupWeather_HugoLambrinidis_Swift3Tests;
			productName = SupWeather_HugoLambrinidis_Swift3Tests;
			productReference = A56CEDAC1DDB7ED50052553F /* SupWeather_HugoLambrinidis_Swift3Tests.xctest */;
			productType = "com.apple.product-type.bundle.unit-test";
		};
		A56CEDB61DDB7ED50052553F /* SupWeather_HugoLambrinidis_Swift3UITests */ = {
			isa = PBXNativeTarget;
			buildConfigurationList = A56CEDC61DDB7ED50052553F /* Build configuration list for PBXNativeTarget "SupWeather_HugoLambrinidis_Swift3UITests" */;
			buildPhases = (
				A56CEDB31DDB7ED50052553F /* Sources */,
				A56CEDB41DDB7ED50052553F /* Frameworks */,
				A56CEDB51DDB7ED50052553F /* Resources */,
			);
			buildRules = (
			);
			dependencies = (
				A56CEDB91DDB7ED50052553F /* PBXTargetDependency */,
			);
			name = SupWeather_HugoLambrinidis_Swift3UITests;
			productName = SupWeather_HugoLambrinidis_Swift3UITests;
			productReference = A56CEDB71DDB7ED50052553F /* SupWeather_HugoLambrinidis_Swift3UITests.xctest */;
			productType = "com.apple.product-type.bundle.ui-testing";
		};
/* End PBXNativeTarget section */

/* Begin PBXProject section */
		A56CED8D1DDB7ED50052553F /* Project object */ = {
			isa = PBXProject;
			attributes = {
				LastSwiftUpdateCheck = 0810;
				LastUpgradeCheck = 0810;
				ORGANIZATIONNAME = "Hugo Lambrinidis";
				TargetAttributes = {
					A56CED941DDB7ED50052553F = {
						CreatedOnToolsVersion = 8.1;
						DevelopmentTeam = LN3RA55QDZ;
						ProvisioningStyle = Automatic;
					};
					A56CEDAB1DDB7ED50052553F = {
						CreatedOnToolsVersion = 8.1;
						DevelopmentTeam = LN3RA55QDZ;
						ProvisioningStyle = Automatic;
						TestTargetID = A56CED941DDB7ED50052553F;
					};
					A56CEDB61DDB7ED50052553F = {
						CreatedOnToolsVersion = 8.1;
						DevelopmentTeam = LN3RA55QDZ;
						ProvisioningStyle = Automatic;
						TestTargetID = A56CED941DDB7ED50052553F;
					};
				};
			};
			buildConfigurationList = A56CED901DDB7ED50052553F /* Build configuration list for PBXProject "SupWeather_HugoLambrinidis_Swift3" */;
			compatibilityVersion = "Xcode 3.2";
			developmentRegion = English;
			hasScannedForEncodings = 0;
			knownRegions = (
				en,
				Base,
			);
			mainGroup = A56CED8C1DDB7ED50052553F;
			productRefGroup = A56CED961DDB7ED50052553F /* Products */;
			projectDirPath = "";
			projectRoot = "";
			targets = (
				A56CED941DDB7ED50052553F /* SupWeather_HugoLambrinidis_Swift3 */,
				A56CEDAB1DDB7ED50052553F /* SupWeather_HugoLambrinidis_Swift3Tests */,
				A56CEDB61DDB7ED50052553F /* SupWeather_HugoLambrinidis_Swift3UITests */,
			);
		};
/* End PBXProject section */

/* Begin PBXResourcesBuildPhase section */
		A56CED931DDB7ED50052553F /* Resources */ = {
			isa = PBXResourcesBuildPhase;
			buildActionMask = 2147483647;
			files = (
				A56CEDA61DDB7ED50052553F /* LaunchScreen.storyboard in Resources */,
				A56CEDA31DDB7ED50052553F /* Assets.xcassets in Resources */,
				A56CED9E1DDB7ED50052553F /* Main.storyboard in Resources */,
			);
			runOnlyForDeploymentPostprocessing = 0;
		};
		A56CEDAA1DDB7ED50052553F /* Resources */ = {
			isa = PBXResourcesBuildPhase;
			buildActionMask = 2147483647;
			files = (
				A58AB3661DDE3B8B00E7A5AE /* Main.storyboard in Resources */,
			);
			runOnlyForDeploymentPostprocessing = 0;
		};
		A56CEDB51DDB7ED50052553F /* Resources */ = {
			isa = PBXResourcesBuildPhase;
			buildActionMask = 2147483647;
			files = (
				A58AB3671DDE3B8B00E7A5AE /* Main.storyboard in Resources */,
			);
			runOnlyForDeploymentPostprocessing = 0;
		};
/* End PBXResourcesBuildPhase section */

/* Begin PBXSourcesBuildPhase section */
		A56CED911DDB7ED50052553F /* Sources */ = {
			isa = PBXSourcesBuildPhase;
			buildActionMask = 2147483647;
			files = (
				A56CEDCD1DDB86FA0052553F /* WeatherDataManager.swift in Sources */,
				A58AB36A1DE0B34800E7A5AE /* WeatherEntityCollection.swift in Sources */,
				A56CEDD21DDB882F0052553F /* Configuration.swift in Sources */,
				A58AB3631DDE276700E7A5AE /* WeatherTableViewCell.swift in Sources */,
				A56CEDE81DDC63C60052553F /* DateHandler.swift in Sources */,
				A57850441DE3716C0042A1E9 /* WeatherDetailTableViewController.swift in Sources */,
				A57850481DE371920042A1E9 /* WeatherDetailTableViewCell.swift in Sources */,
				A56CED9B1DDB7ED50052553F /* ViewController.swift in Sources */,
				A5844C0B1DE355EE0090C0F7 /* WeatherImageGetter.swift in Sources */,
				A56CEDE41DDC62E30052553F /* WeatherEntity.swift in Sources */,
				A56CEDDC1DDBA9E60052553F /* StoreManager.swift in Sources */,
				A58AB35F1DDE266400E7A5AE /* WeatherTableViewController.swift in Sources */,
				A56CED991DDB7ED50052553F /* AppDelegate.swift in Sources */,
				A56CEDA11DDB7ED50052553F /* SupWeather_HugoLambrinidis_Swift3.xcdatamodeld in Sources */,
				A56CEDE01DDBAA030052553F /* Weather.swift in Sources */,
			);
			runOnlyForDeploymentPostprocessing = 0;
		};
		A56CEDA81DDB7ED50052553F /* Sources */ = {
			isa = PBXSourcesBuildPhase;
			buildActionMask = 2147483647;
			files = (
				A58AB3641DDE276700E7A5AE /* WeatherTableViewCell.swift in Sources */,
				A56CEDE91DDC63C60052553F /* DateHandler.swift in Sources */,
				A58AB3601DDE266400E7A5AE /* WeatherTableViewController.swift in Sources */,
				A56CEDD31DDB882F0052553F /* Configuration.swift in Sources */,
				A56CEDCE1DDB86FA0052553F /* WeatherDataManager.swift in Sources */,
				A5844C0C1DE355EE0090C0F7 /* WeatherImageGetter.swift in Sources */,
				A57850491DE371920042A1E9 /* WeatherDetailTableViewCell.swift in Sources */,
				A56CEDDD1DDBA9E60052553F /* StoreManager.swift in Sources */,
				A57850451DE3716C0042A1E9 /* WeatherDetailTableViewController.swift in Sources */,
				A56CEDE51DDC62E30052553F /* WeatherEntity.swift in Sources */,
				A58AB36B1DE0B34800E7A5AE /* WeatherEntityCollection.swift in Sources */,
				A56CEDD51DDB92470052553F /* ViewController.swift in Sources */,
				A56CEDE11DDBAA030052553F /* Weather.swift in Sources */,
				A56CEDB11DDB7ED50052553F /* SupWeather_HugoLambrinidis_Swift3Tests.swift in Sources */,
			);
			runOnlyForDeploymentPostprocessing = 0;
		};
		A56CEDB31DDB7ED50052553F /* Sources */ = {
			isa = PBXSourcesBuildPhase;
			buildActionMask = 2147483647;
			files = (
				A58AB3651DDE276700E7A5AE /* WeatherTableViewCell.swift in Sources */,
				A56CEDEA1DDC63C60052553F /* DateHandler.swift in Sources */,
				A58AB3611DDE266400E7A5AE /* WeatherTableViewController.swift in Sources */,
				A56CEDD41DDB882F0052553F /* Configuration.swift in Sources */,
				A56CEDCF1DDB86FA0052553F /* WeatherDataManager.swift in Sources */,
				A5844C0D1DE355EE0090C0F7 /* WeatherImageGetter.swift in Sources */,
				A578504A1DE371920042A1E9 /* WeatherDetailTableViewCell.swift in Sources */,
				A56CEDDE1DDBA9E60052553F /* StoreManager.swift in Sources */,
				A57850461DE3716C0042A1E9 /* WeatherDetailTableViewController.swift in Sources */,
				A56CEDE61DDC62E30052553F /* WeatherEntity.swift in Sources */,
				A58AB36C1DE0B34800E7A5AE /* WeatherEntityCollection.swift in Sources */,
				A56CEDD61DDB92480052553F /* ViewController.swift in Sources */,
				A56CEDE21DDBAA030052553F /* Weather.swift in Sources */,
				A56CEDBC1DDB7ED50052553F /* SupWeather_HugoLambrinidis_Swift3UITests.swift in Sources */,
			);
			runOnlyForDeploymentPostprocessing = 0;
		};
/* End PBXSourcesBuildPhase section */

/* Begin PBXTargetDependency section */
		A56CEDAE1DDB7ED50052553F /* PBXTargetDependency */ = {
			isa = PBXTargetDependency;
			target = A56CED941DDB7ED50052553F /* SupWeather_HugoLambrinidis_Swift3 */;
			targetProxy = A56CEDAD1DDB7ED50052553F /* PBXContainerItemProxy */;
		};
		A56CEDB91DDB7ED50052553F /* PBXTargetDependency */ = {
			isa = PBXTargetDependency;
			target = A56CED941DDB7ED50052553F /* SupWeather_HugoLambrinidis_Swift3 */;
			targetProxy = A56CEDB81DDB7ED50052553F /* PBXContainerItemProxy */;
		};
/* End PBXTargetDependency section */

/* Begin PBXVariantGroup section */
		A56CED9C1DDB7ED50052553F /* Main.storyboard */ = {
			isa = PBXVariantGroup;
			children = (
				A56CED9D1DDB7ED50052553F /* Base */,
			);
			name = Main.storyboard;
			sourceTree = "<group>";
		};
		A56CEDA41DDB7ED50052553F /* LaunchScreen.storyboard */ = {
			isa = PBXVariantGroup;
			children = (
				A56CEDA51DDB7ED50052553F /* Base */,
			);
			name = LaunchScreen.storyboard;
			sourceTree = "<group>";
		};
/* End PBXVariantGroup section */

/* Begin XCBuildConfiguration section */
		A56CEDBE1DDB7ED50052553F /* Debug */ = {
			isa = XCBuildConfiguration;
			buildSettings = {
				ALWAYS_SEARCH_USER_PATHS = NO;
				CLANG_ANALYZER_NONNULL = YES;
				CLANG_CXX_LANGUAGE_STANDARD = "gnu++0x";
				CLANG_CXX_LIBRARY = "libc++";
				CLANG_ENABLE_MODULES = YES;
				CLANG_ENABLE_OBJC_ARC = YES;
				CLANG_WARN_BOOL_CONVERSION = YES;
				CLANG_WARN_CONSTANT_CONVERSION = YES;
				CLANG_WARN_DIRECT_OBJC_ISA_USAGE = YES_ERROR;
				CLANG_WARN_DOCUMENTATION_COMMENTS = YES;
				CLANG_WARN_EMPTY_BODY = YES;
				CLANG_WARN_ENUM_CONVERSION = YES;
				CLANG_WARN_INFINITE_RECURSION = YES;
				CLANG_WARN_INT_CONVERSION = YES;
				CLANG_WARN_OBJC_ROOT_CLASS = YES_ERROR;
				CLANG_WARN_SUSPICIOUS_MOVES = YES;
				CLANG_WARN_UNREACHABLE_CODE = YES;
				CLANG_WARN__DUPLICATE_METHOD_MATCH = YES;
				"CODE_SIGN_IDENTITY[sdk=iphoneos*]" = "iPhone Developer";
				COPY_PHASE_STRIP = NO;
				DEBUG_INFORMATION_FORMAT = dwarf;
				DEVELOPMENT_TEAM = LN3RA55QDZ;
				ENABLE_STRICT_OBJC_MSGSEND = YES;
				ENABLE_TESTABILITY = YES;
				GCC_C_LANGUAGE_STANDARD = gnu99;
				GCC_DYNAMIC_NO_PIC = NO;
				GCC_NO_COMMON_BLOCKS = YES;
				GCC_OPTIMIZATION_LEVEL = 0;
				GCC_PREPROCESSOR_DEFINITIONS = (
					"DEBUG=1",
					"$(inherited)",
				);
				GCC_WARN_64_TO_32_BIT_CONVERSION = YES;
				GCC_WARN_ABOUT_RETURN_TYPE = YES_ERROR;
				GCC_WARN_UNDECLARED_SELECTOR = YES;
				GCC_WARN_UNINITIALIZED_AUTOS = YES_AGGRESSIVE;
				GCC_WARN_UNUSED_FUNCTION = YES;
				GCC_WARN_UNUSED_VARIABLE = YES;
				IPHONEOS_DEPLOYMENT_TARGET = 10.1;
				MTL_ENABLE_DEBUG_INFO = YES;
				ONLY_ACTIVE_ARCH = YES;
				SDKROOT = iphoneos;
				SWIFT_ACTIVE_COMPILATION_CONDITIONS = DEBUG;
				SWIFT_OPTIMIZATION_LEVEL = "-Onone";
				TARGETED_DEVICE_FAMILY = "1,2";
			};
			name = Debug;
		};
		A56CEDBF1DDB7ED50052553F /* Release */ = {
			isa = XCBuildConfiguration;
			buildSettings = {
				ALWAYS_SEARCH_USER_PATHS = NO;
				CLANG_ANALYZER_NONNULL = YES;
				CLANG_CXX_LANGUAGE_STANDARD = "gnu++0x";
				CLANG_CXX_LIBRARY = "libc++";
				CLANG_ENABLE_MODULES = YES;
				CLANG_ENABLE_OBJC_ARC = YES;
				CLANG_WARN_BOOL_CONVERSION = YES;
				CLANG_WARN_CONSTANT_CONVERSION = YES;
				CLANG_WARN_DIRECT_OBJC_ISA_USAGE = YES_ERROR;
				CLANG_WARN_DOCUMENTATION_COMMENTS = YES;
				CLANG_WARN_EMPTY_BODY = YES;
				CLANG_WARN_ENUM_CONVERSION = YES;
				CLANG_WARN_INFINITE_RECURSION = YES;
				CLANG_WARN_INT_CONVERSION = YES;
				CLANG_WARN_OBJC_ROOT_CLASS = YES_ERROR;
				CLANG_WARN_SUSPICIOUS_MOVES = YES;
				CLANG_WARN_UNREACHABLE_CODE = YES;
				CLANG_WARN__DUPLICATE_METHOD_MATCH = YES;
				"CODE_SIGN_IDENTITY[sdk=iphoneos*]" = "iPhone Developer";
				COPY_PHASE_STRIP = NO;
				DEBUG_INFORMATION_FORMAT = "dwarf-with-dsym";
				DEVELOPMENT_TEAM = LN3RA55QDZ;
				ENABLE_NS_ASSERTIONS = NO;
				ENABLE_STRICT_OBJC_MSGSEND = YES;
				GCC_C_LANGUAGE_STANDARD = gnu99;
				GCC_NO_COMMON_BLOCKS = YES;
				GCC_WARN_64_TO_32_BIT_CONVERSION = YES;
				GCC_WARN_ABOUT_RETURN_TYPE = YES_ERROR;
				GCC_WARN_UNDECLARED_SELECTOR = YES;
				GCC_WARN_UNINITIALIZED_AUTOS = YES_AGGRESSIVE;
				GCC_WARN_UNUSED_FUNCTION = YES;
				GCC_WARN_UNUSED_VARIABLE = YES;
				IPHONEOS_DEPLOYMENT_TARGET = 10.1;
				MTL_ENABLE_DEBUG_INFO = NO;
				SDKROOT = iphoneos;
				SWIFT_OPTIMIZATION_LEVEL = "-Owholemodule";
				TARGETED_DEVICE_FAMILY = "1,2";
				VALIDATE_PRODUCT = YES;
			};
			name = Release;
		};
		A56CEDC11DDB7ED50052553F /* Debug */ = {
			isa = XCBuildConfiguration;
			buildSettings = {
				ASSETCATALOG_COMPILER_APPICON_NAME = AppIcon;
				INFOPLIST_FILE = SupWeather_HugoLambrinidis_Swift3/Info.plist;
				LD_RUNPATH_SEARCH_PATHS = "$(inherited) @executable_path/Frameworks";
				PRODUCT_BUNDLE_IDENTIFIER = "Hugo.SupWeather-HugoLambrinidis-Swift3";
				PRODUCT_NAME = "$(TARGET_NAME)";
				SWIFT_VERSION = 3.0;
			};
			name = Debug;
		};
		A56CEDC21DDB7ED50052553F /* Release */ = {
			isa = XCBuildConfiguration;
			buildSettings = {
				ASSETCATALOG_COMPILER_APPICON_NAME = AppIcon;
				INFOPLIST_FILE = SupWeather_HugoLambrinidis_Swift3/Info.plist;
				LD_RUNPATH_SEARCH_PATHS = "$(inherited) @executable_path/Frameworks";
				PRODUCT_BUNDLE_IDENTIFIER = "Hugo.SupWeather-HugoLambrinidis-Swift3";
				PRODUCT_NAME = "$(TARGET_NAME)";
				SWIFT_VERSION = 3.0;
			};
			name = Release;
		};
		A56CEDC41DDB7ED50052553F /* Debug */ = {
			isa = XCBuildConfiguration;
			buildSettings = {
				ALWAYS_EMBED_SWIFT_STANDARD_LIBRARIES = YES;
				BUNDLE_LOADER = "$(TEST_HOST)";
				INFOPLIST_FILE = SupWeather_HugoLambrinidis_Swift3Tests/Info.plist;
				LD_RUNPATH_SEARCH_PATHS = "$(inherited) @executable_path/Frameworks @loader_path/Frameworks";
				PRODUCT_BUNDLE_IDENTIFIER = "Hugo.SupWeather-HugoLambrinidis-Swift3Tests";
				PRODUCT_NAME = "$(TARGET_NAME)";
				SWIFT_VERSION = 3.0;
				TEST_HOST = "$(BUILT_PRODUCTS_DIR)/SupWeather_HugoLambrinidis_Swift3.app/SupWeather_HugoLambrinidis_Swift3";
			};
			name = Debug;
		};
		A56CEDC51DDB7ED50052553F /* Release */ = {
			isa = XCBuildConfiguration;
			buildSettings = {
				ALWAYS_EMBED_SWIFT_STANDARD_LIBRARIES = YES;
				BUNDLE_LOADER = "$(TEST_HOST)";
				INFOPLIST_FILE = SupWeather_HugoLambrinidis_Swift3Tests/Info.plist;
				LD_RUNPATH_SEARCH_PATHS = "$(inherited) @executable_path/Frameworks @loader_path/Frameworks";
				PRODUCT_BUNDLE_IDENTIFIER = "Hugo.SupWeather-HugoLambrinidis-Swift3Tests";
				PRODUCT_NAME = "$(TARGET_NAME)";
				SWIFT_VERSION = 3.0;
				TEST_HOST = "$(BUILT_PRODUCTS_DIR)/SupWeather_HugoLambrinidis_Swift3.app/SupWeather_HugoLambrinidis_Swift3";
			};
			name = Release;
		};
		A56CEDC71DDB7ED50052553F /* Debug */ = {
			isa = XCBuildConfiguration;
			buildSettings = {
				ALWAYS_EMBED_SWIFT_STANDARD_LIBRARIES = YES;
				INFOPLIST_FILE = SupWeather_HugoLambrinidis_Swift3UITests/Info.plist;
				LD_RUNPATH_SEARCH_PATHS = "$(inherited) @executable_path/Frameworks @loader_path/Frameworks";
				PRODUCT_BUNDLE_IDENTIFIER = "Hugo.SupWeather-HugoLambrinidis-Swift3UITests";
				PRODUCT_NAME = "$(TARGET_NAME)";
				SWIFT_VERSION = 3.0;
				TEST_TARGET_NAME = SupWeather_HugoLambrinidis_Swift3;
			};
			name = Debug;
		};
		A56CEDC81DDB7ED50052553F /* Release */ = {
			isa = XCBuildConfiguration;
			buildSettings = {
				ALWAYS_EMBED_SWIFT_STANDARD_LIBRARIES = YES;
				INFOPLIST_FILE = SupWeather_HugoLambrinidis_Swift3UITests/Info.plist;
				LD_RUNPATH_SEARCH_PATHS = "$(inherited) @executable_path/Frameworks @loader_path/Frameworks";
				PRODUCT_BUNDLE_IDENTIFIER = "Hugo.SupWeather-HugoLambrinidis-Swift3UITests";
				PRODUCT_NAME = "$(TARGET_NAME)";
				SWIFT_VERSION = 3.0;
				TEST_TARGET_NAME = SupWeather_HugoLambrinidis_Swift3;
			};
			name = Release;
		};
/* End XCBuildConfiguration section */

/* Begin XCConfigurationList section */
		A56CED901DDB7ED50052553F /* Build configuration list for PBXProject "SupWeather_HugoLambrinidis_Swift3" */ = {
			isa = XCConfigurationList;
			buildConfigurations = (
				A56CEDBE1DDB7ED50052553F /* Debug */,
				A56CEDBF1DDB7ED50052553F /* Release */,
			);
			defaultConfigurationIsVisible = 0;
			defaultConfigurationName = Release;
		};
		A56CEDC01DDB7ED50052553F /* Build configuration list for PBXNativeTarget "SupWeather_HugoLambrinidis_Swift3" */ = {
			isa = XCConfigurationList;
			buildConfigurations = (
				A56CEDC11DDB7ED50052553F /* Debug */,
				A56CEDC21DDB7ED50052553F /* Release */,
			);
			defaultConfigurationIsVisible = 0;
			defaultConfigurationName = Release;
		};
		A56CEDC31DDB7ED50052553F /* Build configuration list for PBXNativeTarget "SupWeather_HugoLambrinidis_Swift3Tests" */ = {
			isa = XCConfigurationList;
			buildConfigurations = (
				A56CEDC41DDB7ED50052553F /* Debug */,
				A56CEDC51DDB7ED50052553F /* Release */,
			);
			defaultConfigurationIsVisible = 0;
			defaultConfigurationName = Release;
		};
		A56CEDC61DDB7ED50052553F /* Build configuration list for PBXNativeTarget "SupWeather_HugoLambrinidis_Swift3UITests" */ = {
			isa = XCConfigurationList;
			buildConfigurations = (
				A56CEDC71DDB7ED50052553F /* Debug */,
				A56CEDC81DDB7ED50052553F /* Release */,
			);
			defaultConfigurationIsVisible = 0;
			defaultConfigurationName = Release;
		};
/* End XCConfigurationList section */

/* Begin XCVersionGroup section */
		A56CED9F1DDB7ED50052553F /* SupWeather_HugoLambrinidis_Swift3.xcdatamodeld */ = {
			isa = XCVersionGroup;
			children = (
				A56CEDA01DDB7ED50052553F /* SupWeather_HugoLambrinidis_Swift3.xcdatamodel */,
			);
			currentVersion = A56CEDA01DDB7ED50052553F /* SupWeather_HugoLambrinidis_Swift3.xcdatamodel */;
			path = SupWeather_HugoLambrinidis_Swift3.xcdatamodeld;
			sourceTree = "<group>";
			versionGroupType = wrapper.xcdatamodel;
		};
/* End XCVersionGroup section */
	};
	rootObject = A56CED8D1DDB7ED50052553F /* Project object */;
}
